Microsoft Visual Studio Solution File, Format Version 12.00
# Visual Studio 2012
Project("{FAE04EC0-301F-11D3-BF4B-00C04F79EFBC}") = "AWOC", "AWOC.csproj", "{98C108C1-8BA3-48BF-BE5D-74D67C94AB41}"
EndProject
Global
	GlobalSection(SolutionConfigurationPlatforms) = preSolution
	Debug|Any CPU = Debug|Any CPU
	ExportDebug|Any CPU = ExportDebug|Any CPU
	ExportRelease|Any CPU = ExportRelease|Any CPU
	EndGlobalSection
	GlobalSection(ProjectConfigurationPlatforms) = postSolution
		{98C108C1-8BA3-48BF-BE5D-74D67C94AB41}.Debug|Any CPU.ActiveCfg = Debug|Any CPU
		{98C108C1-8BA3-48BF-BE5D-74D67C94AB41}.Debug|Any CPU.Build.0 = Debug|Any CPU
		{98C108C1-8BA3-48BF-BE5D-74D67C94AB41}.ExportDebug|Any CPU.ActiveCfg = ExportDebug|Any CPU
		{98C108C1-8BA3-48BF-BE5D-74D67C94AB41}.ExportDebug|Any CPU.Build.0 = ExportDebug|Any CPU
		{98C108C1-8BA3-48BF-BE5D-74D67C94AB41}.ExportRelease|Any CPU.ActiveCfg = ExportRelease|Any CPU
		{98C108C1-8BA3-48BF-BE5D-74D67C94AB41}.ExportRelease|Any CPU.Build.0 = ExportRelease|Any CPU
	EndGlobalSection
EndGlobal
